
Microsoft Visual Studio Solution File, Format Version 12.00
# Visual Studio Version 16
VisualStudioVersion = 16.0.28803.452
MinimumVisualStudioVersion = 10.0.40219.1
Project("{FAE04EC0-301F-11D3-BF4B-00C04F79EFBC}") = "HomeWorkServices", "HomeWorkServices\HomeWorkServices.csproj", "{DB36624B-81DE-4C13-B745-B51C59304F61}"
EndProject
Global
	GlobalSection(SolutionConfigurationPlatforms) = preSolution
		Debug|Any CPU = Debug|Any CPU
		Release|Any CPU = Release|Any CPU
	EndGlobalSection
	GlobalSection(ProjectConfigurationPlatforms) = postSolution
		{DB36624B-81DE-4C13-B745-B51C59304F61}.Debug|Any CPU.ActiveCfg = Debug|Any CPU
		{DB36624B-81DE-4C13-B745-B51C59304F61}.Debug|Any CPU.Build.0 = Debug|Any CPU
		{DB36624B-81DE-4C13-B745-B51C59304F61}.Release|Any CPU.ActiveCfg = Release|Any CPU
		{DB36624B-81DE-4C13-B745-B51C59304F61}.Release|Any CPU.Build.0 = Release|Any CPU
	EndGlobalSection
	GlobalSection(SolutionProperties) = preSolution
		HideSolutionNode = FALSE
	EndGlobalSection
	GlobalSection(ExtensibilityGlobals) = postSolution
		SolutionGuid = {F6E89F6E-3216-484F-B5F2-6E61B13A0583}
	EndGlobalSection
EndGlobal
